
Microsoft Visual Studio Solution File, Format Version 12.00
# Visual Studio Version 17
VisualStudioVersion = 17.4.33213.308
MinimumVisualStudioVersion = 10.0.40219.1
Project("{FAE04EC0-301F-11D3-BF4B-00C04F79EFBC}") = "FootballBantz", "FootballBantz\FootballBantz.csproj", "{AACDFB59-F672-445C-AAF0-6812BF8D219D}"
EndProject
Global
	GlobalSection(SolutionConfigurationPlatforms) = preSolution
		Debug|Any CPU = Debug|Any CPU
		Release|Any CPU = Release|Any CPU
	EndGlobalSection
	GlobalSection(ProjectConfigurationPlatforms) = postSolution
		{AACDFB59-F672-445C-AAF0-6812BF8D219D}.Debug|Any CPU.ActiveCfg = Debug|Any CPU
		{AACDFB59-F672-445C-AAF0-6812BF8D219D}.Debug|Any CPU.Build.0 = Debug|Any CPU
		{AACDFB59-F672-445C-AAF0-6812BF8D219D}.Release|Any CPU.ActiveCfg = Release|Any CPU
		{AACDFB59-F672-445C-AAF0-6812BF8D219D}.Release|Any CPU.Build.0 = Release|Any CPU
	EndGlobalSection
	GlobalSection(SolutionProperties) = preSolution
		HideSolutionNode = FALSE
	EndGlobalSection
	GlobalSection(ExtensibilityGlobals) = postSolution
		SolutionGuid = {0096166A-4DFB-4A1A-A225-AA40AA6881EC}
	EndGlobalSection
EndGlobal
